
Microsoft Visual Studio Solution File, Format Version 12.00
# Visual Studio Version 17
VisualStudioVersion = 17.13.35919.96 d17.13
MinimumVisualStudioVersion = 10.0.40219.1
Project("{8BC9CEB8-8B4A-11D0-8D11-00A0C91BC942}") = "FirstHomework", "Homework\Homework.vcxproj", "{92E37D8D-C1E6-46C1-8B04-DC0E0688AAE7}"
EndProject
Project("{8BC9CEB8-8B4A-11D0-8D11-00A0C91BC942}") = "SecondHomework", "SecondHomework\SecondHomework.vcxproj", "{C975B6AE-6F5F-4896-AA06-BBE148BD4357}"
EndProject
Project("{8BC9CEB8-8B4A-11D0-8D11-00A0C91BC942}") = "ThirdHomework", "ThirdHomework\ThirdHomework.vcxproj", "{6A63F3C5-1B2F-43BC-B90E-6DF996F493E3}"
EndProject
Global
	GlobalSection(SolutionConfigurationPlatforms) = preSolution
		Debug|x64 = Debug|x64
		Debug|x86 = Debug|x86
		Release|x64 = Release|x64
		Release|x86 = Release|x86
	EndGlobalSection
	GlobalSection(ProjectConfigurationPlatforms) = postSolution
		{92E37D8D-C1E6-46C1-8B04-DC0E0688AAE7}.Debug|x64.ActiveCfg = Debug|x64
		{92E37D8D-C1E6-46C1-8B04-DC0E0688AAE7}.Debug|x64.Build.0 = Debug|x64
		{92E37D8D-C1E6-46C1-8B04-DC0E0688AAE7}.Debug|x86.ActiveCfg = Debug|Win32
		{92E37D8D-C1E6-46C1-8B04-DC0E0688AAE7}.Debug|x86.Build.0 = Debug|Win32
		{92E37D8D-C1E6-46C1-8B04-DC0E0688AAE7}.Release|x64.ActiveCfg = Release|x64
		{92E37D8D-C1E6-46C1-8B04-DC0E0688AAE7}.Release|x64.Build.0 = Release|x64
		{92E37D8D-C1E6-46C1-8B04-DC0E0688AAE7}.Release|x86.ActiveCfg = Release|Win32
		{92E37D8D-C1E6-46C1-8B04-DC0E0688AAE7}.Release|x86.Build.0 = Release|Win32
		{C975B6AE-6F5F-4896-AA06-BBE148BD4357}.Debug|x64.ActiveCfg = Debug|x64
		{C975B6AE-6F5F-4896-AA06-BBE148BD4357}.Debug|x64.Build.0 = Debug|x64
		{C975B6AE-6F5F-4896-AA06-BBE148BD4357}.Debug|x86.ActiveCfg = Debug|Win32
		{C975B6AE-6F5F-4896-AA06-BBE148BD4357}.Debug|x86.Build.0 = Debug|Win32
		{C975B6AE-6F5F-4896-AA06-BBE148BD4357}.Release|x64.ActiveCfg = Release|x64
		{C975B6AE-6F5F-4896-AA06-BBE148BD4357}.Release|x64.Build.0 = Release|x64
		{C975B6AE-6F5F-4896-AA06-BBE148BD4357}.Release|x86.ActiveCfg = Release|Win32
		{C975B6AE-6F5F-4896-AA06-BBE148BD4357}.Release|x86.Build.0 = Release|Win32
		{6A63F3C5-1B2F-43BC-B90E-6DF996F493E3}.Debug|x64.ActiveCfg = Debug|x64
		{6A63F3C5-1B2F-43BC-B90E-6DF996F493E3}.Debug|x64.Build.0 = Debug|x64
		{6A63F3C5-1B2F-43BC-B90E-6DF996F493E3}.Debug|x86.ActiveCfg = Debug|Win32
		{6A63F3C5-1B2F-43BC-B90E-6DF996F493E3}.Debug|x86.Build.0 = Debug|Win32
		{6A63F3C5-1B2F-43BC-B90E-6DF996F493E3}.Release|x64.ActiveCfg = Release|x64
		{6A63F3C5-1B2F-43BC-B90E-6DF996F493E3}.Release|x64.Build.0 = Release|x64
		{6A63F3C5-1B2F-43BC-B90E-6DF996F493E3}.Release|x86.ActiveCfg = Release|Win32
		{6A63F3C5-1B2F-43BC-B90E-6DF996F493E3}.Release|x86.Build.0 = Release|Win32
	EndGlobalSection
	GlobalSection(SolutionProperties) = preSolution
		HideSolutionNode = FALSE
	EndGlobalSection
	GlobalSection(ExtensibilityGlobals) = postSolution
		SolutionGuid = {175E0DD5-0D0F-43BE-9034-E6DDE700383C}
	EndGlobalSection
EndGlobal
