
Microsoft Visual Studio Solution File, Format Version 12.00
# Visual Studio Version 17
VisualStudioVersion = 17.8.34525.116
MinimumVisualStudioVersion = 10.0.40219.1
Project("{8BC9CEB8-8B4A-11D0-8D11-00A0C91BC942}") = "Project4", "Project4\Project4.vcxproj", "{9A297EC4-1E8C-4B19-B64D-277F9D36CAC1}"
EndProject
Global
	GlobalSection(SolutionConfigurationPlatforms) = preSolution
		Debug|x64 = Debug|x64
		Debug|x86 = Debug|x86
		Release|x64 = Release|x64
		Release|x86 = Release|x86
	EndGlobalSection
	GlobalSection(ProjectConfigurationPlatforms) = postSolution
		{9A297EC4-1E8C-4B19-B64D-277F9D36CAC1}.Debug|x64.ActiveCfg = Debug|x64
		{9A297EC4-1E8C-4B19-B64D-277F9D36CAC1}.Debug|x64.Build.0 = Debug|x64
		{9A297EC4-1E8C-4B19-B64D-277F9D36CAC1}.Debug|x86.ActiveCfg = Debug|Win32
		{9A297EC4-1E8C-4B19-B64D-277F9D36CAC1}.Debug|x86.Build.0 = Debug|Win32
		{9A297EC4-1E8C-4B19-B64D-277F9D36CAC1}.Release|x64.ActiveCfg = Release|x64
		{9A297EC4-1E8C-4B19-B64D-277F9D36CAC1}.Release|x64.Build.0 = Release|x64
		{9A297EC4-1E8C-4B19-B64D-277F9D36CAC1}.Release|x86.ActiveCfg = Release|Win32
		{9A297EC4-1E8C-4B19-B64D-277F9D36CAC1}.Release|x86.Build.0 = Release|Win32
	EndGlobalSection
	GlobalSection(SolutionProperties) = preSolution
		HideSolutionNode = FALSE
	EndGlobalSection
	GlobalSection(ExtensibilityGlobals) = postSolution
		SolutionGuid = {79C5D71A-D19F-47F9-9EB2-F1076989EFB1}
	EndGlobalSection
EndGlobal
