
Microsoft Visual Studio Solution File, Format Version 12.00
# Visual Studio Version 17
VisualStudioVersion = 17.8.34525.116
MinimumVisualStudioVersion = 10.0.40219.1
Project("{8BC9CEB8-8B4A-11D0-8D11-00A0C91BC942}") = "hanoi_top", "hanoi_top\hanoi_top.vcxproj", "{AAA93429-0FB5-41F9-B9CB-8CF95FDDA84C}"
EndProject
Global
	GlobalSection(SolutionConfigurationPlatforms) = preSolution
		Debug|x64 = Debug|x64
		Debug|x86 = Debug|x86
		Release|x64 = Release|x64
		Release|x86 = Release|x86
	EndGlobalSection
	GlobalSection(ProjectConfigurationPlatforms) = postSolution
		{AAA93429-0FB5-41F9-B9CB-8CF95FDDA84C}.Debug|x64.ActiveCfg = Debug|x64
		{AAA93429-0FB5-41F9-B9CB-8CF95FDDA84C}.Debug|x64.Build.0 = Debug|x64
		{AAA93429-0FB5-41F9-B9CB-8CF95FDDA84C}.Debug|x86.ActiveCfg = Debug|Win32
		{AAA93429-0FB5-41F9-B9CB-8CF95FDDA84C}.Debug|x86.Build.0 = Debug|Win32
		{AAA93429-0FB5-41F9-B9CB-8CF95FDDA84C}.Release|x64.ActiveCfg = Release|x64
		{AAA93429-0FB5-41F9-B9CB-8CF95FDDA84C}.Release|x64.Build.0 = Release|x64
		{AAA93429-0FB5-41F9-B9CB-8CF95FDDA84C}.Release|x86.ActiveCfg = Release|Win32
		{AAA93429-0FB5-41F9-B9CB-8CF95FDDA84C}.Release|x86.Build.0 = Release|Win32
	EndGlobalSection
	GlobalSection(SolutionProperties) = preSolution
		HideSolutionNode = FALSE
	EndGlobalSection
	GlobalSection(ExtensibilityGlobals) = postSolution
		SolutionGuid = {C68DA842-D4D4-4F90-8D95-BA20F16A63AA}
	EndGlobalSection
EndGlobal
